{
  "name": "header-grep",
  "version": "1.0.0",
  "lockfileVersion": 1,
  "requires": true,
  "dependencies": {
    "asciitree": {
      "version": "1.0.2",
      "resolved": "https://registry.npmjs.org/asciitree/-/asciitree-1.0.2.tgz",
      "integrity": "sha1-4NsOHSPbJHRCdqvG86k8yMX2cQA="
    },
    "commander": {
      "version": "2.11.0",
      "resolved": "https://registry.npmjs.org/commander/-/commander-2.11.0.tgz",
      "integrity": "sha512-b0553uYA5YAEGgyYIGYROzKQ7X5RAqedkfjiZxwi0kL1g3bOaBNNZfYkzt/CL0umgD5wc9Jec2FbB98CjkMRvQ=="
    },
    "monkberry": {
      "version": "4.0.8",
      "resolved": "https://registry.npmjs.org/monkberry/-/monkberry-4.0.8.tgz",
      "integrity": "sha1-CxxVdTxupDXdNt2VPBDDmVJnxTc=",
      "requires": {
        "asciitree": "1.0.2",
        "commander": "2.11.0",
        "source-map": "0.5.7"
      }
    },
    "source-map": {
      "version": "0.5.7",
      "resolved": "https://registry.npmjs.org/source-map/-/source-map-0.5.7.tgz",
      "integrity": "sha1-igOdLRAh0i0eoUyA2OpGi6LvP8w="
    }
  }
}
